description: |
  Run `bundle install` using cache for app repo. (`Gemfile.lock` is committed)

usage:
  version: 2.1

  orbs:
    ruby-orbs: sue445/ruby-orbs@1.3.0

  jobs:
    rspec:
      docker:
        - image: circleci/ruby

      steps:
        - checkout

        - ruby-orbs/bundle-install:
            cache_key_prefix: "v1-bundle"
            bundle_jobs: 4
            bundle_retry: 3
            bundle_path: "vendor/bundle"
            bundle_gemfile: "Gemfile"
            bundle_clean: true
            bundle_extra_args: ""
            restore_bundled_with: true

        - run: bundle exec rspec
